
Microsoft Visual Studio Solution File, Format Version 12.00
# Visual Studio 14
VisualStudioVersion = 14.0.25420.1
MinimumVisualStudioVersion = 10.0.40219.1
Project("{FAE04EC0-301F-11D3-BF4B-00C04F79EFBC}") = "BearingMachineSimulation", "BearingMachineSimulation\BearingMachineSimulation.csproj", "{752E6317-E9DD-463E-B609-927582692BEA}"
EndProject
Project("{FAE04EC0-301F-11D3-BF4B-00C04F79EFBC}") = "BearingMachineModels", "BearingMachineModels\BearingMachineModels.csproj", "{5919CF0D-30D5-4A54-8497-E371B1925B38}"
EndProject
Global
	GlobalSection(SolutionConfigurationPlatforms) = preSolution
		Debug|Any CPU = Debug|Any CPU
		Release|Any CPU = Release|Any CPU
	EndGlobalSection
	GlobalSection(ProjectConfigurationPlatforms) = postSolution
		{752E6317-E9DD-463E-B609-927582692BEA}.Debug|Any CPU.ActiveCfg = Debug|Any CPU
		{752E6317-E9DD-463E-B609-927582692BEA}.Debug|Any CPU.Build.0 = Debug|Any CPU
		{752E6317-E9DD-463E-B609-927582692BEA}.Release|Any CPU.ActiveCfg = Release|Any CPU
		{752E6317-E9DD-463E-B609-927582692BEA}.Release|Any CPU.Build.0 = Release|Any CPU
		{5919CF0D-30D5-4A54-8497-E371B1925B38}.Debug|Any CPU.ActiveCfg = Debug|Any CPU
		{5919CF0D-30D5-4A54-8497-E371B1925B38}.Debug|Any CPU.Build.0 = Debug|Any CPU
		{5919CF0D-30D5-4A54-8497-E371B1925B38}.Release|Any CPU.ActiveCfg = Release|Any CPU
		{5919CF0D-30D5-4A54-8497-E371B1925B38}.Release|Any CPU.Build.0 = Release|Any CPU
	EndGlobalSection
	GlobalSection(SolutionProperties) = preSolution
		HideSolutionNode = FALSE
	EndGlobalSection
EndGlobal
